
Microsoft Visual Studio Solution File, Format Version 12.00
# Visual Studio 15
VisualStudioVersion = 15.0.28307.438
MinimumVisualStudioVersion = 10.0.40219.1
Project("{FAE04EC0-301F-11D3-BF4B-00C04F79EFBC}") = "WCFService", "WCFService\WCFService.csproj", "{24D00FF2-357E-4BE3-94D7-42CD59E9034D}"
EndProject
Project("{FAE04EC0-301F-11D3-BF4B-00C04F79EFBC}") = "WebApplication1", "WebApplication1\WebApplication1.csproj", "{45B8B1B5-718B-4852-9965-F4B73C63AE9A}"
	ProjectSection(ProjectDependencies) = postProject
		{24D00FF2-357E-4BE3-94D7-42CD59E9034D} = {24D00FF2-357E-4BE3-94D7-42CD59E9034D}
	EndProjectSection
EndProject
Project("{FAE04EC0-301F-11D3-BF4B-00C04F79EFBC}") = "WebApi", "WebApi\WebApi.csproj", "{304C3E29-40F2-4543-B2D5-83D4CA3D399F}"
EndProject
Global
	GlobalSection(SolutionConfigurationPlatforms) = postSolution
		Debug|Any CPU = Debug|Any CPU
		Release|Any CPU = Release|Any CPU
	EndGlobalSection
	GlobalSection(ProjectConfigurationPlatforms) = postSolution
		{24D00FF2-357E-4BE3-94D7-42CD59E9034D}.Debug|Any CPU.ActiveCfg = Debug|Any CPU
		{24D00FF2-357E-4BE3-94D7-42CD59E9034D}.Debug|Any CPU.Build.0 = Debug|Any CPU
		{24D00FF2-357E-4BE3-94D7-42CD59E9034D}.Release|Any CPU.ActiveCfg = Release|Any CPU
		{24D00FF2-357E-4BE3-94D7-42CD59E9034D}.Release|Any CPU.Build.0 = Release|Any CPU
		{45B8B1B5-718B-4852-9965-F4B73C63AE9A}.Debug|Any CPU.ActiveCfg = Debug|Any CPU
		{45B8B1B5-718B-4852-9965-F4B73C63AE9A}.Debug|Any CPU.Build.0 = Debug|Any CPU
		{45B8B1B5-718B-4852-9965-F4B73C63AE9A}.Release|Any CPU.ActiveCfg = Release|Any CPU
		{45B8B1B5-718B-4852-9965-F4B73C63AE9A}.Release|Any CPU.Build.0 = Release|Any CPU
		{304C3E29-40F2-4543-B2D5-83D4CA3D399F}.Debug|Any CPU.ActiveCfg = Debug|Any CPU
		{304C3E29-40F2-4543-B2D5-83D4CA3D399F}.Debug|Any CPU.Build.0 = Debug|Any CPU
		{304C3E29-40F2-4543-B2D5-83D4CA3D399F}.Release|Any CPU.ActiveCfg = Release|Any CPU
		{304C3E29-40F2-4543-B2D5-83D4CA3D399F}.Release|Any CPU.Build.0 = Release|Any CPU
	EndGlobalSection
	GlobalSection(SolutionProperties) = postSolution
		HideSolutionNode = FALSE
	EndGlobalSection
	GlobalSection(ExtensibilityGlobals) = postSolution
		SolutionGuid = {F3E076A3-4415-4F54-8637-AB2791BCBBB3}
	EndGlobalSection
EndGlobal
